<?xml version="1.0" encoding="utf-8"?>
<Project ToolsVersion="4.0" xmlns="http://schemas.microsoft.com/developer/msbuild/2003">
  <ItemGroup>
    <Filter Include="Application">
      <UniqueIdentifier>{eed7ad77-f487-49d3-8eaa-51f6780e21fa}</UniqueIdentifier>
    </Filter>
    <Filter Include="System">
      <UniqueIdentifier>{a9dda6f3-2578-43a0-88c1-fb43dedc329d}</UniqueIdentifier>
    </Filter>
    <Filter Include="System\Window">
      <UniqueIdentifier>{9a72bf55-fb13-41e2-bffa-367a42d4b328}</UniqueIdentifier>
    </Filter>
    <Filter Include="System\Utility">
      <UniqueIdentifier>{ac6339bd-7340-4b78-957c-a4a730696529}</UniqueIdentifier>
    </Filter>
    <Filter Include="Framework">
      <UniqueIdentifier>{8b774714-b24f-4f74-92b8-be55afe00b52}</UniqueIdentifier>
    </Filter>
    <Filter Include="Framework\Graphics">
      <UniqueIdentifier>{33dd4948-cd25-4766-8ed4-9f3ea4bba0a2}</UniqueIdentifier>
    </Filter>
    <Filter Include="Framework\Mesh">
      <UniqueIdentifier>{365ba71a-78bf-4b5a-a06b-e9fb59b70ef5}</UniqueIdentifier>
    </Filter>
    <Filter Include="Framework\Shader">
      <UniqueIdentifier>{72ac73d8-af41-4fe2-b890-dc1226e1c777}</UniqueIdentifier>
    </Filter>
    <Filter Include="Framework\Shader\RootSignature">
      <UniqueIdentifier>{052efb6f-11ae-47ab-84a5-da742de11627}</UniqueIdentifier>
    </Filter>
    <Filter Include="Framework\Shader\Pipeline">
      <UniqueIdentifier>{a66fb2c7-34a7-422d-ab50-284222e67b20}</UniqueIdentifier>
    </Filter>
    <Filter Include="Framework\Shader\HLSL">
      <UniqueIdentifier>{862d2a25-2769-474c-bd30-b55b6030f3ee}</UniqueIdentifier>
    </Filter>
    <Filter Include="Framework\Heap">
      <UniqueIdentifier>{74cfa76a-2900-4ba1-a2f0-7fd6270b0cb9}</UniqueIdentifier>
    </Filter>
    <Filter Include="Framework\Heap\RTVHeap">
      <UniqueIdentifier>{a615b152-bb62-43d1-b25c-59a163933fed}</UniqueIdentifier>
    </Filter>
    <Filter Include="Framework\Heap\CBVSRVUAVHeap">
      <UniqueIdentifier>{a87ba798-4be4-4823-a4f0-43aa728fa7aa}</UniqueIdentifier>
    </Filter>
    <Filter Include="Framework\Mesh\MeshData">
      <UniqueIdentifier>{24a29244-05dd-4999-ac95-5656f3de8543}</UniqueIdentifier>
    </Filter>
    <Filter Include="Framework\Model">
      <UniqueIdentifier>{9d7212a1-07c6-44e7-92a9-8e0f150deb96}</UniqueIdentifier>
    </Filter>
    <Filter Include="Framework\Heap\DSVHeap">
      <UniqueIdentifier>{9f045236-1d20-4944-ae81-172a5cda856f}</UniqueIdentifier>
    </Filter>
    <Filter Include="Framework\Buffer">
      <UniqueIdentifier>{3551bb01-34b7-4f8d-9d88-def78a843a3a}</UniqueIdentifier>
    </Filter>
    <Filter Include="Framework\Buffer\ConstantBufferAllocator">
      <UniqueIdentifier>{4eaf9e8d-fc73-4776-b306-75787a1e64fc}</UniqueIdentifier>
    </Filter>
    <Filter Include="Framework\Buffer\Texture">
      <UniqueIdentifier>{cb79c03c-e939-4afb-9977-a06a036298f0}</UniqueIdentifier>
    </Filter>
    <Filter Include="Framework\Buffer\ConstantBufferAllocator\ConstantBufferData">
      <UniqueIdentifier>{dada24c8-ae4a-4c23-8cfc-fc151ca0bbae}</UniqueIdentifier>
    </Filter>
    <Filter Include="Framework\Buffer\DepthStencil">
      <UniqueIdentifier>{bda07fbc-0d37-46c6-9f68-4f33f077bb04}</UniqueIdentifier>
    </Filter>
    <Filter Include="System\Animation">
      <UniqueIdentifier>{ee9ac1d5-e79a-4637-b0b2-47fd2edcac22}</UniqueIdentifier>
    </Filter>
    <Filter Include="Framework\Audio">
      <UniqueIdentifier>{a4f112c4-6f17-44b2-a2fb-c228e527cbb3}</UniqueIdentifier>
    </Filter>
    <Filter Include="Framework\Collider">
      <UniqueIdentifier>{4b0c8cef-1c80-40bd-93f9-4443aaa806dc}</UniqueIdentifier>
    </Filter>
    <Filter Include="System\DataStorage">
      <UniqueIdentifier>{32e7e8e2-6a4c-45aa-be2b-1052b00597d9}</UniqueIdentifier>
    </Filter>
    <Filter Include="Framework\Camera">
      <UniqueIdentifier>{b2b375b7-c4a9-4270-a67f-217aac250e50}</UniqueIdentifier>
    </Filter>
    <Filter Include="System\Service">
      <UniqueIdentifier>{d607e9f4-96c2-48ce-873e-b43e8ec4926f}</UniqueIdentifier>
    </Filter>
    <Filter Include="Framework\Time">
      <UniqueIdentifier>{c99dae8d-6fe2-4596-9d85-171390da8b36}</UniqueIdentifier>
    </Filter>
    <Filter Include="Framework\GameObject">
      <UniqueIdentifier>{7cf6c937-a759-4bbb-8a28-7787955155ca}</UniqueIdentifier>
    </Filter>
    <Filter Include="Application\Scene">
      <UniqueIdentifier>{baa0b237-ded2-421e-ad67-d224411fdf8b}</UniqueIdentifier>
    </Filter>
    <Filter Include="Application\Scene\BaseScene">
      <UniqueIdentifier>{9067539b-f990-41d1-a684-630a8378414f}</UniqueIdentifier>
    </Filter>
    <Filter Include="Application\Scene\TitleScene">
      <UniqueIdentifier>{dc376263-15d4-480a-8c76-f583989fce4a}</UniqueIdentifier>
    </Filter>
    <Filter Include="Application\Scene\GameScene">
      <UniqueIdentifier>{986a66be-54f6-4a45-b88e-9f8b2a72c856}</UniqueIdentifier>
    </Filter>
  </ItemGroup>
  <ItemGroup>
    <ClCompile Include="Sources\main.cpp" />
    <ClCompile Include="Sources\Application\Application.cpp">
      <Filter>Application</Filter>
    </ClCompile>
    <ClCompile Include="Sources\System\Window\Window.cpp">
      <Filter>System\Window</Filter>
    </ClCompile>
    <ClCompile Include="Sources\Pch.cpp" />
    <ClCompile Include="Sources\System\Utility\Utility.cpp">
      <Filter>System\Utility</Filter>
    </ClCompile>
    <ClCompile Include="Sources\Framework\Graphics\GraphicsDevice.cpp">
      <Filter>Framework\Graphics</Filter>
    </ClCompile>
    <ClCompile Include="Sources\Framework\Mesh\Mesh.cpp">
      <Filter>Framework\Mesh</Filter>
    </ClCompile>
    <ClCompile Include="Sources\Framework\Shader\Shader.cpp">
      <Filter>Framework\Shader</Filter>
    </ClCompile>
    <ClCompile Include="Sources\Framework\Shader\Pipeline\Pipeline.cpp">
      <Filter>Framework\Shader\Pipeline</Filter>
    </ClCompile>
    <ClCompile Include="Sources\Framework\Shader\RootSignature\RootSignature.cpp">
      <Filter>Framework\Shader\RootSignature</Filter>
    </ClCompile>
    <ClCompile Include="Sources\Framework\Heap\RTVHeap\RTVHeap.cpp">
      <Filter>Framework\Heap\RTVHeap</Filter>
    </ClCompile>
    <ClCompile Include="Sources\Framework\Heap\CBVSRVUAVHeap\CBVSRVUAVHeap.cpp">
      <Filter>Framework\Heap\CBVSRVUAVHeap</Filter>
    </ClCompile>
    <ClCompile Include="Sources\Framework\Model\Model.cpp">
      <Filter>Framework\Model</Filter>
    </ClCompile>
    <ClCompile Include="Sources\Framework\Heap\DSVHeap\DSVHeap.cpp">
      <Filter>Framework\Heap\DSVHeap</Filter>
    </ClCompile>
    <ClCompile Include="Sources\Framework\Buffer\ConstantBufferAllocator\ConstantBufferAllocator.cpp">
      <Filter>Framework\Buffer\ConstantBufferAllocator</Filter>
    </ClCompile>
    <ClCompile Include="Sources\Framework\Buffer\Texture\Texture.cpp">
      <Filter>Framework\Buffer\Texture</Filter>
    </ClCompile>
    <ClCompile Include="Sources\Framework\Buffer\DepthStencil\DepthStencil.cpp">
      <Filter>Framework\Buffer\DepthStencil</Filter>
    </ClCompile>
    <ClCompile Include="Sources\System\Animation\Animation.cpp">
      <Filter>System\Animation</Filter>
    </ClCompile>
    <ClCompile Include="Sources\Framework\Audio\Audio.cpp">
      <Filter>Framework\Audio</Filter>
    </ClCompile>
    <ClCompile Include="Sources\Framework\Collider\Collider.cpp">
      <Filter>Framework\Collider</Filter>
    </ClCompile>
    <ClCompile Include="Sources\Framework\Collider\Collision.cpp">
      <Filter>Framework\Collider</Filter>
    </ClCompile>
    <ClCompile Include="Sources\Framework\Camera\Camera.cpp">
      <Filter>Framework\Camera</Filter>
    </ClCompile>
    <ClCompile Include="Sources\Framework\GameObject\GameObject.cpp">
      <Filter>Framework\GameObject</Filter>
    </ClCompile>
    <ClCompile Include="Sources\Framework\GameObject\Component.cpp">
      <Filter>Framework\GameObject</Filter>
    </ClCompile>
    <ClCompile Include="Sources\Application\Scene\SceneManager.cpp">
      <Filter>Application\Scene</Filter>
    </ClCompile>
    <ClCompile Include="Sources\Application\Scene\BaseScene\BaseScene.cpp">
      <Filter>Application\Scene\BaseScene</Filter>
    </ClCompile>
    <ClCompile Include="Sources\Application\Scene\GameScene\GameScene.cpp">
      <Filter>Application\Scene\GameScene</Filter>
    </ClCompile>
    <ClCompile Include="Sources\Application\Scene\TitleScene\TitleScene.cpp">
      <Filter>Application\Scene\TitleScene</Filter>
    </ClCompile>
    <ClCompile Include="Sources\Framework\Model\KdGLTFLoader.cpp">
      <Filter>Framework\Model</Filter>
    </ClCompile>
  </ItemGroup>
  <ItemGroup>
    <ClInclude Include="Sources\main.h" />
    <ClInclude Include="Sources\Application\Application.h">
      <Filter>Application</Filter>
    </ClInclude>
    <ClInclude Include="Sources\System\Window\Window.h">
      <Filter>System\Window</Filter>
    </ClInclude>
    <ClInclude Include="Sources\Pch.h" />
    <ClInclude Include="Sources\System\System.h">
      <Filter>System</Filter>
    </ClInclude>
    <ClInclude Include="Sources\System\Utility\Utility.h">
      <Filter>System\Utility</Filter>
    </ClInclude>
    <ClInclude Include="Sources\Framework\Framework.h">
      <Filter>Framework</Filter>
    </ClInclude>
    <ClInclude Include="Sources\Framework\Graphics\GraphicsDevice.h">
      <Filter>Framework\Graphics</Filter>
    </ClInclude>
    <ClInclude Include="Sources\Framework\Mesh\Mesh.h">
      <Filter>Framework\Mesh</Filter>
    </ClInclude>
    <ClInclude Include="Sources\Framework\Shader\Shader.h">
      <Filter>Framework\Shader</Filter>
    </ClInclude>
    <ClInclude Include="Sources\Framework\Shader\Pipeline\Pipeline.h">
      <Filter>Framework\Shader\Pipeline</Filter>
    </ClInclude>
    <ClInclude Include="Sources\Framework\Shader\RootSignature\RootSignature.h">
      <Filter>Framework\Shader\RootSignature</Filter>
    </ClInclude>
    <ClInclude Include="Sources\Framework\Heap\BaseHeap.h">
      <Filter>Framework\Heap</Filter>
    </ClInclude>
    <ClInclude Include="Sources\Framework\Heap\RTVHeap\RTVHeap.h">
      <Filter>Framework\Heap\RTVHeap</Filter>
    </ClInclude>
    <ClInclude Include="Sources\Framework\Heap\CBVSRVUAVHeap\CBVSRVUAVHeap.h">
      <Filter>Framework\Heap\CBVSRVUAVHeap</Filter>
    </ClInclude>
    <ClInclude Include="Sources\Framework\Mesh\MeshData\MeshData.h">
      <Filter>Framework\Mesh\MeshData</Filter>
    </ClInclude>
    <ClInclude Include="Sources\Framework\Model\Model.h">
      <Filter>Framework\Model</Filter>
    </ClInclude>
    <ClInclude Include="Sources\Framework\Heap\DSVHeap\DSVHeap.h">
      <Filter>Framework\Heap\DSVHeap</Filter>
    </ClInclude>
    <ClInclude Include="Sources\Framework\Buffer\Buffer.h">
      <Filter>Framework\Buffer</Filter>
    </ClInclude>
    <ClInclude Include="Sources\Framework\Buffer\ConstantBufferAllocator\ConstantBufferData\ConstantBufferData.h">
      <Filter>Framework\Buffer\ConstantBufferAllocator\ConstantBufferData</Filter>
    </ClInclude>
    <ClInclude Include="Sources\Framework\Buffer\ConstantBufferAllocator\ConstantBufferAllocator.h">
      <Filter>Framework\Buffer\ConstantBufferAllocator</Filter>
    </ClInclude>
    <ClInclude Include="Sources\Framework\Buffer\Texture\Texture.h">
      <Filter>Framework\Buffer\Texture</Filter>
    </ClInclude>
    <ClInclude Include="Sources\Framework\Buffer\DepthStencil\DepthStencil.h">
      <Filter>Framework\Buffer\DepthStencil</Filter>
    </ClInclude>
    <ClInclude Include="Sources\System\Animation\Animation.h">
      <Filter>System\Animation</Filter>
    </ClInclude>
    <ClInclude Include="Sources\Framework\Audio\Audio.h">
      <Filter>Framework\Audio</Filter>
    </ClInclude>
    <ClInclude Include="Sources\Framework\Collider\Collider.h">
      <Filter>Framework\Collider</Filter>
    </ClInclude>
    <ClInclude Include="Sources\System\DataStorage\DataStorage.h">
      <Filter>System\DataStorage</Filter>
    </ClInclude>
    <ClInclude Include="Sources\Framework\Collider\Collision.h">
      <Filter>Framework\Collider</Filter>
    </ClInclude>
    <ClInclude Include="Sources\Framework\Camera\Camera.h">
      <Filter>Framework\Camera</Filter>
    </ClInclude>
    <ClInclude Include="Sources\System\Service\Service.h">
      <Filter>System\Service</Filter>
    </ClInclude>
    <ClInclude Include="Sources\Framework\Time\Time.h">
      <Filter>Framework\Time</Filter>
    </ClInclude>
    <ClInclude Include="Sources\Framework\GameObject\GameObject.h">
      <Filter>Framework\GameObject</Filter>
    </ClInclude>
    <ClInclude Include="Sources\Framework\GameObject\Component.h">
      <Filter>Framework\GameObject</Filter>
    </ClInclude>
    <ClInclude Include="Sources\Application\Scene\SceneManager.h">
      <Filter>Application\Scene</Filter>
    </ClInclude>
    <ClInclude Include="Sources\Application\Scene\BaseScene\BaseScene.h">
      <Filter>Application\Scene\BaseScene</Filter>
    </ClInclude>
    <ClInclude Include="Sources\Application\Scene\GameScene\GameScene.h">
      <Filter>Application\Scene\GameScene</Filter>
    </ClInclude>
    <ClInclude Include="Sources\Application\Scene\TitleScene\TitleScene.h">
      <Filter>Application\Scene\TitleScene</Filter>
    </ClInclude>
    <ClInclude Include="Sources\Framework\Model\KdGLTFLoader.h">
      <Filter>Framework\Model</Filter>
    </ClInclude>
  </ItemGroup>
  <ItemGroup>
    <None Include="packages.config" />
    <None Include="Sources\Framework\Shader\HLSL\inc_SimpleShader.hlsli">
      <Filter>Framework\Shader\HLSL</Filter>
    </None>
    <None Include="Sources\Framework\Shader\HLSL\inc_Common.hlsli">
      <Filter>Framework\Shader\HLSL</Filter>
    </None>
  </ItemGroup>
  <ItemGroup>
    <FxCompile Include="Sources\Framework\Shader\HLSL\SimpleShader_PS.hlsl">
      <Filter>Framework\Shader\HLSL</Filter>
    </FxCompile>
    <FxCompile Include="Sources\Framework\Shader\HLSL\SimpleShader_VS.hlsl">
      <Filter>Framework\Shader\HLSL</Filter>
    </FxCompile>
  </ItemGroup>
</Project>