<?xml version="1.0" encoding="utf-8"?>
<Project ToolsVersion="4.0" xmlns="http://schemas.microsoft.com/developer/msbuild/2003">
  <ItemGroup>
    <Filter Include="Application">
      <UniqueIdentifier>{eed7ad77-f487-49d3-8eaa-51f6780e21fa}</UniqueIdentifier>
    </Filter>
    <Filter Include="System">
      <UniqueIdentifier>{a9dda6f3-2578-43a0-88c1-fb43dedc329d}</UniqueIdentifier>
    </Filter>
    <Filter Include="System\Window">
      <UniqueIdentifier>{9a72bf55-fb13-41e2-bffa-367a42d4b328}</UniqueIdentifier>
    </Filter>
    <Filter Include="System\Utility">
      <UniqueIdentifier>{ac6339bd-7340-4b78-957c-a4a730696529}</UniqueIdentifier>
    </Filter>
    <Filter Include="Framework">
      <UniqueIdentifier>{8b774714-b24f-4f74-92b8-be55afe00b52}</UniqueIdentifier>
    </Filter>
    <Filter Include="Framework\Graphics">
      <UniqueIdentifier>{33dd4948-cd25-4766-8ed4-9f3ea4bba0a2}</UniqueIdentifier>
    </Filter>
  </ItemGroup>
  <ItemGroup>
    <ClCompile Include="Sources\main.cpp" />
    <ClCompile Include="Sources\Application\Application.cpp">
      <Filter>Application</Filter>
    </ClCompile>
    <ClCompile Include="Sources\System\Window\Window.cpp">
      <Filter>System\Window</Filter>
    </ClCompile>
    <ClCompile Include="Sources\Pch.cpp" />
    <ClCompile Include="Sources\System\Utility\Utility.cpp">
      <Filter>System\Utility</Filter>
    </ClCompile>
    <ClCompile Include="Sources\Framework\Graphics\GraphicsDevice.cpp">
      <Filter>Framework\Graphics</Filter>
    </ClCompile>
  </ItemGroup>
  <ItemGroup>
    <ClInclude Include="Sources\main.h" />
    <ClInclude Include="Sources\Application\Application.h">
      <Filter>Application</Filter>
    </ClInclude>
    <ClInclude Include="Sources\System\Window\Window.h">
      <Filter>System\Window</Filter>
    </ClInclude>
    <ClInclude Include="Sources\Pch.h" />
    <ClInclude Include="Sources\System\System.h">
      <Filter>System</Filter>
    </ClInclude>
    <ClInclude Include="Sources\System\Utility\Utility.h">
      <Filter>System\Utility</Filter>
    </ClInclude>
    <ClInclude Include="Sources\Framework\Framework.h">
      <Filter>Framework</Filter>
    </ClInclude>
    <ClInclude Include="Sources\Framework\Graphics\GraphicsDevice.h">
      <Filter>Framework\Graphics</Filter>
    </ClInclude>
  </ItemGroup>
  <ItemGroup>
    <None Include="packages.config" />
  </ItemGroup>
</Project>